
Microsoft Visual Studio Solution File, Format Version 12.00
# Visual Studio Version 17
VisualStudioVersion = 17.0.31903.59
MinimumVisualStudioVersion = 10.0.40219.1
Project("{FAE04EC0-301F-11D3-BF4B-00C04F79EFBC}") = "GloboClima.Api", "GloboClima.Api\GloboClima.Api.csproj", "{F2026FEC-CE1B-4C78-AA96-AC031E3F016E}"
EndProject
Project("{FAE04EC0-301F-11D3-BF4B-00C04F79EFBC}") = "GloboClima.Tests", "GloboClima.Tests\GloboClima.Tests.csproj", "{30EF92BA-36D1-47B9-BBD4-CD9E3B2527D4}"
EndProject
Global
	GlobalSection(SolutionConfigurationPlatforms) = preSolution
		Debug|Any CPU = Debug|Any CPU
		Release|Any CPU = Release|Any CPU
	EndGlobalSection
	GlobalSection(SolutionProperties) = preSolution
		HideSolutionNode = FALSE
	EndGlobalSection
	GlobalSection(ProjectConfigurationPlatforms) = postSolution
		{F2026FEC-CE1B-4C78-AA96-AC031E3F016E}.Debug|Any CPU.ActiveCfg = Debug|Any CPU
		{F2026FEC-CE1B-4C78-AA96-AC031E3F016E}.Debug|Any CPU.Build.0 = Debug|Any CPU
		{F2026FEC-CE1B-4C78-AA96-AC031E3F016E}.Release|Any CPU.ActiveCfg = Release|Any CPU
		{F2026FEC-CE1B-4C78-AA96-AC031E3F016E}.Release|Any CPU.Build.0 = Release|Any CPU
		{30EF92BA-36D1-47B9-BBD4-CD9E3B2527D4}.Debug|Any CPU.ActiveCfg = Debug|Any CPU
		{30EF92BA-36D1-47B9-BBD4-CD9E3B2527D4}.Debug|Any CPU.Build.0 = Debug|Any CPU
		{30EF92BA-36D1-47B9-BBD4-CD9E3B2527D4}.Release|Any CPU.ActiveCfg = Release|Any CPU
		{30EF92BA-36D1-47B9-BBD4-CD9E3B2527D4}.Release|Any CPU.Build.0 = Release|Any CPU
	EndGlobalSection
EndGlobal
